
Microsoft Visual Studio Solution File, Format Version 11.00
# Visual Studio 2010
Project("{8BC9CEB8-8B4A-11D0-8D11-00A0C91BC942}") = "JAApp", "JAApp\JAApp.vcxproj", "{D133309B-E2E6-41BC-85CA-57C5B26782B0}"
	ProjectSection(ProjectDependencies) = postProject
		{9D68A67B-A17F-4F12-A62D-18BBF7CF1807} = {9D68A67B-A17F-4F12-A62D-18BBF7CF1807}
	EndProjectSection
EndProject
Project("{8BC9CEB8-8B4A-11D0-8D11-00A0C91BC942}") = "JADll", "JADll\JADll.vcxproj", "{9D68A67B-A17F-4F12-A62D-18BBF7CF1807}"
EndProject
Global
	GlobalSection(SolutionConfigurationPlatforms) = preSolution
		Debug|Win32 = Debug|Win32
		Release|Win32 = Release|Win32
	EndGlobalSection
	GlobalSection(ProjectConfigurationPlatforms) = postSolution
		{D133309B-E2E6-41BC-85CA-57C5B26782B0}.Debug|Win32.ActiveCfg = Debug|Win32
		{D133309B-E2E6-41BC-85CA-57C5B26782B0}.Debug|Win32.Build.0 = Debug|Win32
		{D133309B-E2E6-41BC-85CA-57C5B26782B0}.Release|Win32.ActiveCfg = Release|Win32
		{D133309B-E2E6-41BC-85CA-57C5B26782B0}.Release|Win32.Build.0 = Release|Win32
		{9D68A67B-A17F-4F12-A62D-18BBF7CF1807}.Debug|Win32.ActiveCfg = Debug|Win32
		{9D68A67B-A17F-4F12-A62D-18BBF7CF1807}.Debug|Win32.Build.0 = Debug|Win32
		{9D68A67B-A17F-4F12-A62D-18BBF7CF1807}.Release|Win32.ActiveCfg = Release|Win32
		{9D68A67B-A17F-4F12-A62D-18BBF7CF1807}.Release|Win32.Build.0 = Release|Win32
	EndGlobalSection
	GlobalSection(SolutionProperties) = preSolution
		HideSolutionNode = FALSE
	EndGlobalSection
EndGlobal
